
Microsoft Visual Studio Solution File, Format Version 12.00
# Visual Studio Version 16
VisualStudioVersion = 16.0.29519.181
MinimumVisualStudioVersion = 10.0.40219.1
Project("{9A19103F-16F7-4668-BE54-9A1E7A4F7556}") = "Decorator", "Structural\Decorator\Decorator.csproj", "{DDFFDB1E-4ADE-403C-967A-87DA3F7EA1EB}"
EndProject
Project("{2150E333-8FDC-42A3-9474-1A3956D46DE8}") = "Structural", "Structural", "{622068DE-FFF8-45B6-AEE9-2C321A00CC4A}"
EndProject
Project("{2150E333-8FDC-42A3-9474-1A3956D46DE8}") = "Creational", "Creational", "{8E22167C-A0F7-4D80-9967-80EFED04B956}"
EndProject
Project("{9A19103F-16F7-4668-BE54-9A1E7A4F7556}") = "Prototype", "Creational\Prototype\Prototype.csproj", "{4FB34A97-8457-4F50-B804-FE2B52027F04}"
EndProject
Project("{9A19103F-16F7-4668-BE54-9A1E7A4F7556}") = "Command", "Behavioral\Command\Command.csproj", "{00509C61-1762-4D21-B2C5-87AE504AD3C4}"
EndProject
Project("{2150E333-8FDC-42A3-9474-1A3956D46DE8}") = "Behavioral", "Behavioral", "{AFE41F20-49C0-4F17-8C70-11484832657B}"
EndProject
Project("{9A19103F-16F7-4668-BE54-9A1E7A4F7556}") = "FactoryMethod", "Creational\FactoryMethod\FactoryMethod.csproj", "{5577A336-E0A6-4CD7-99BD-F551D4EECA71}"
EndProject
Project("{FAE04EC0-301F-11D3-BF4B-00C04F79EFBC}") = "Adapter", "Structural\Adapter\Adapter.csproj", "{992CD73D-97B2-4F70-8D07-E244ABFA694C}"
EndProject
Project("{FAE04EC0-301F-11D3-BF4B-00C04F79EFBC}") = "Facade", "Structural\Facade\Facade.csproj", "{EF8EBD0F-C681-4C5C-89F1-48166F200836}"
EndProject
Project("{FAE04EC0-301F-11D3-BF4B-00C04F79EFBC}") = "Composite", "Structural\Composite\Composite.csproj", "{E2BC514B-E11E-4136-B830-5446E1FE06D2}"
EndProject
Project("{FAE04EC0-301F-11D3-BF4B-00C04F79EFBC}") = "Proxy", "Structural\Proxy\Proxy.csproj", "{9CBEEE00-280D-44E7-88AB-D8C5461B7917}"
EndProject
Project("{FAE04EC0-301F-11D3-BF4B-00C04F79EFBC}") = "Bridge", "Structural\Bridge\Bridge.csproj", "{EF20CC97-6735-4E63-94CF-040219FBBBD7}"
EndProject
Project("{FAE04EC0-301F-11D3-BF4B-00C04F79EFBC}") = "Flyweight", "Structural\Flyweight\Flyweight.csproj", "{8AC7F671-A3ED-44BB-BBA0-2672EB78E192}"
EndProject
Project("{FAE04EC0-301F-11D3-BF4B-00C04F79EFBC}") = "Strategy", "Behavioral\Strategy\Strategy.csproj", "{DC6C2418-675A-4DDF-846B-93948B61AECE}"
EndProject
Project("{FAE04EC0-301F-11D3-BF4B-00C04F79EFBC}") = "Observer", "Behavioral\Observer\Observer.csproj", "{234D5E6F-C161-4EAA-BF5C-DED406E21213}"
EndProject
Global
	GlobalSection(SolutionConfigurationPlatforms) = preSolution
		Debug|Any CPU = Debug|Any CPU
		Release|Any CPU = Release|Any CPU
	EndGlobalSection
	GlobalSection(ProjectConfigurationPlatforms) = postSolution
		{DDFFDB1E-4ADE-403C-967A-87DA3F7EA1EB}.Debug|Any CPU.ActiveCfg = Debug|Any CPU
		{DDFFDB1E-4ADE-403C-967A-87DA3F7EA1EB}.Debug|Any CPU.Build.0 = Debug|Any CPU
		{DDFFDB1E-4ADE-403C-967A-87DA3F7EA1EB}.Release|Any CPU.ActiveCfg = Release|Any CPU
		{DDFFDB1E-4ADE-403C-967A-87DA3F7EA1EB}.Release|Any CPU.Build.0 = Release|Any CPU
		{4FB34A97-8457-4F50-B804-FE2B52027F04}.Debug|Any CPU.ActiveCfg = Debug|Any CPU
		{4FB34A97-8457-4F50-B804-FE2B52027F04}.Debug|Any CPU.Build.0 = Debug|Any CPU
		{4FB34A97-8457-4F50-B804-FE2B52027F04}.Release|Any CPU.ActiveCfg = Release|Any CPU
		{4FB34A97-8457-4F50-B804-FE2B52027F04}.Release|Any CPU.Build.0 = Release|Any CPU
		{00509C61-1762-4D21-B2C5-87AE504AD3C4}.Debug|Any CPU.ActiveCfg = Debug|Any CPU
		{00509C61-1762-4D21-B2C5-87AE504AD3C4}.Debug|Any CPU.Build.0 = Debug|Any CPU
		{00509C61-1762-4D21-B2C5-87AE504AD3C4}.Release|Any CPU.ActiveCfg = Release|Any CPU
		{00509C61-1762-4D21-B2C5-87AE504AD3C4}.Release|Any CPU.Build.0 = Release|Any CPU
		{5577A336-E0A6-4CD7-99BD-F551D4EECA71}.Debug|Any CPU.ActiveCfg = Debug|Any CPU
		{5577A336-E0A6-4CD7-99BD-F551D4EECA71}.Debug|Any CPU.Build.0 = Debug|Any CPU
		{5577A336-E0A6-4CD7-99BD-F551D4EECA71}.Release|Any CPU.ActiveCfg = Release|Any CPU
		{5577A336-E0A6-4CD7-99BD-F551D4EECA71}.Release|Any CPU.Build.0 = Release|Any CPU
		{992CD73D-97B2-4F70-8D07-E244ABFA694C}.Debug|Any CPU.ActiveCfg = Debug|Any CPU
		{992CD73D-97B2-4F70-8D07-E244ABFA694C}.Debug|Any CPU.Build.0 = Debug|Any CPU
		{992CD73D-97B2-4F70-8D07-E244ABFA694C}.Release|Any CPU.ActiveCfg = Release|Any CPU
		{992CD73D-97B2-4F70-8D07-E244ABFA694C}.Release|Any CPU.Build.0 = Release|Any CPU
		{EF8EBD0F-C681-4C5C-89F1-48166F200836}.Debug|Any CPU.ActiveCfg = Debug|Any CPU
		{EF8EBD0F-C681-4C5C-89F1-48166F200836}.Debug|Any CPU.Build.0 = Debug|Any CPU
		{EF8EBD0F-C681-4C5C-89F1-48166F200836}.Release|Any CPU.ActiveCfg = Release|Any CPU
		{EF8EBD0F-C681-4C5C-89F1-48166F200836}.Release|Any CPU.Build.0 = Release|Any CPU
		{E2BC514B-E11E-4136-B830-5446E1FE06D2}.Debug|Any CPU.ActiveCfg = Debug|Any CPU
		{E2BC514B-E11E-4136-B830-5446E1FE06D2}.Debug|Any CPU.Build.0 = Debug|Any CPU
		{E2BC514B-E11E-4136-B830-5446E1FE06D2}.Release|Any CPU.ActiveCfg = Release|Any CPU
		{E2BC514B-E11E-4136-B830-5446E1FE06D2}.Release|Any CPU.Build.0 = Release|Any CPU
		{9CBEEE00-280D-44E7-88AB-D8C5461B7917}.Debug|Any CPU.ActiveCfg = Debug|Any CPU
		{9CBEEE00-280D-44E7-88AB-D8C5461B7917}.Debug|Any CPU.Build.0 = Debug|Any CPU
		{9CBEEE00-280D-44E7-88AB-D8C5461B7917}.Release|Any CPU.ActiveCfg = Release|Any CPU
		{9CBEEE00-280D-44E7-88AB-D8C5461B7917}.Release|Any CPU.Build.0 = Release|Any CPU
		{EF20CC97-6735-4E63-94CF-040219FBBBD7}.Debug|Any CPU.ActiveCfg = Debug|Any CPU
		{EF20CC97-6735-4E63-94CF-040219FBBBD7}.Debug|Any CPU.Build.0 = Debug|Any CPU
		{EF20CC97-6735-4E63-94CF-040219FBBBD7}.Release|Any CPU.ActiveCfg = Release|Any CPU
		{EF20CC97-6735-4E63-94CF-040219FBBBD7}.Release|Any CPU.Build.0 = Release|Any CPU
		{8AC7F671-A3ED-44BB-BBA0-2672EB78E192}.Debug|Any CPU.ActiveCfg = Debug|Any CPU
		{8AC7F671-A3ED-44BB-BBA0-2672EB78E192}.Debug|Any CPU.Build.0 = Debug|Any CPU
		{8AC7F671-A3ED-44BB-BBA0-2672EB78E192}.Release|Any CPU.ActiveCfg = Release|Any CPU
		{8AC7F671-A3ED-44BB-BBA0-2672EB78E192}.Release|Any CPU.Build.0 = Release|Any CPU
		{DC6C2418-675A-4DDF-846B-93948B61AECE}.Debug|Any CPU.ActiveCfg = Debug|Any CPU
		{DC6C2418-675A-4DDF-846B-93948B61AECE}.Debug|Any CPU.Build.0 = Debug|Any CPU
		{DC6C2418-675A-4DDF-846B-93948B61AECE}.Release|Any CPU.ActiveCfg = Release|Any CPU
		{DC6C2418-675A-4DDF-846B-93948B61AECE}.Release|Any CPU.Build.0 = Release|Any CPU
		{234D5E6F-C161-4EAA-BF5C-DED406E21213}.Debug|Any CPU.ActiveCfg = Debug|Any CPU
		{234D5E6F-C161-4EAA-BF5C-DED406E21213}.Debug|Any CPU.Build.0 = Debug|Any CPU
		{234D5E6F-C161-4EAA-BF5C-DED406E21213}.Release|Any CPU.ActiveCfg = Release|Any CPU
		{234D5E6F-C161-4EAA-BF5C-DED406E21213}.Release|Any CPU.Build.0 = Release|Any CPU
	EndGlobalSection
	GlobalSection(SolutionProperties) = preSolution
		HideSolutionNode = FALSE
	EndGlobalSection
	GlobalSection(NestedProjects) = preSolution
		{DDFFDB1E-4ADE-403C-967A-87DA3F7EA1EB} = {622068DE-FFF8-45B6-AEE9-2C321A00CC4A}
		{4FB34A97-8457-4F50-B804-FE2B52027F04} = {8E22167C-A0F7-4D80-9967-80EFED04B956}
		{00509C61-1762-4D21-B2C5-87AE504AD3C4} = {AFE41F20-49C0-4F17-8C70-11484832657B}
		{5577A336-E0A6-4CD7-99BD-F551D4EECA71} = {8E22167C-A0F7-4D80-9967-80EFED04B956}
		{992CD73D-97B2-4F70-8D07-E244ABFA694C} = {622068DE-FFF8-45B6-AEE9-2C321A00CC4A}
		{EF8EBD0F-C681-4C5C-89F1-48166F200836} = {622068DE-FFF8-45B6-AEE9-2C321A00CC4A}
		{E2BC514B-E11E-4136-B830-5446E1FE06D2} = {622068DE-FFF8-45B6-AEE9-2C321A00CC4A}
		{9CBEEE00-280D-44E7-88AB-D8C5461B7917} = {622068DE-FFF8-45B6-AEE9-2C321A00CC4A}
		{EF20CC97-6735-4E63-94CF-040219FBBBD7} = {622068DE-FFF8-45B6-AEE9-2C321A00CC4A}
		{8AC7F671-A3ED-44BB-BBA0-2672EB78E192} = {622068DE-FFF8-45B6-AEE9-2C321A00CC4A}
		{DC6C2418-675A-4DDF-846B-93948B61AECE} = {AFE41F20-49C0-4F17-8C70-11484832657B}
		{234D5E6F-C161-4EAA-BF5C-DED406E21213} = {AFE41F20-49C0-4F17-8C70-11484832657B}
	EndGlobalSection
	GlobalSection(ExtensibilityGlobals) = postSolution
		SolutionGuid = {D3B89396-6E9F-4929-B9D2-A7242F3B569D}
	EndGlobalSection
EndGlobal
